
Microsoft Visual Studio Solution File, Format Version 12.00
# Visual Studio Version 17
VisualStudioVersion = 17.11.35222.181
MinimumVisualStudioVersion = 10.0.40219.1
Project("{FAE04EC0-301F-11D3-BF4B-00C04F79EFBC}") = "ConsoleApp2", "ConsoleApp2.csproj", "{57D628F3-1E3A-403C-AC7A-F1D9C7EFB2FE}"
EndProject
Global
	GlobalSection(SolutionConfigurationPlatforms) = preSolution
		Debug|Any CPU = Debug|Any CPU
		Release|Any CPU = Release|Any CPU
	EndGlobalSection
	GlobalSection(ProjectConfigurationPlatforms) = postSolution
		{57D628F3-1E3A-403C-AC7A-F1D9C7EFB2FE}.Debug|Any CPU.ActiveCfg = Debug|Any CPU
		{57D628F3-1E3A-403C-AC7A-F1D9C7EFB2FE}.Debug|Any CPU.Build.0 = Debug|Any CPU
		{57D628F3-1E3A-403C-AC7A-F1D9C7EFB2FE}.Release|Any CPU.ActiveCfg = Release|Any CPU
		{57D628F3-1E3A-403C-AC7A-F1D9C7EFB2FE}.Release|Any CPU.Build.0 = Release|Any CPU
	EndGlobalSection
	GlobalSection(SolutionProperties) = preSolution
		HideSolutionNode = FALSE
	EndGlobalSection
	GlobalSection(ExtensibilityGlobals) = postSolution
		SolutionGuid = {BFDBC05B-067E-4425-B37D-3C1FB886CA72}
	EndGlobalSection
EndGlobal
